// !$*UTF8*$!
{
	archiveVersion = 1;
	classes = {
	};
	objectVersion = 55;
	objects = {

/* Begin PBXBuildFile section */
		033DCB2D28F12B600012C0B8 /* Categories.swift in Sources */ = {isa = PBXBuildFile; fileRef = 033DCB2C28F12B600012C0B8 /* Categories.swift */; };
		035E371F28EDBA2300310CB5 /* DayView.swift in Sources */ = {isa = PBXBuildFile; fileRef = 035E371D28EDBA2300310CB5 /* DayView.swift */; };
		035E372528EDBA9500310CB5 /* utility.swift in Sources */ = {isa = PBXBuildFile; fileRef = 035E372428EDBA9500310CB5 /* utility.swift */; };
		035E372728EDBAC900310CB5 /* ColorPicker.swift in Sources */ = {isa = PBXBuildFile; fileRef = 035E372628EDBAC900310CB5 /* ColorPicker.swift */; };
		035E372A28EDBBA400310CB5 /* SwiftPieChart in Frameworks */ = {isa = PBXBuildFile; productRef = 035E372928EDBBA400310CB5 /* SwiftPieChart */; };
		039D280228EED0680012DE7A /* Mood.swift in Sources */ = {isa = PBXBuildFile; fileRef = 039D280128EED0680012DE7A /* Mood.swift */; };
		03F30B1528EE99CF0016F8CE /* PieChartView.swift in Sources */ = {isa = PBXBuildFile; fileRef = 03F30B1428EE99CF0016F8CE /* PieChartView.swift */; };
		03F30B1728EE9A3A0016F8CE /* PieSliceView.swift in Sources */ = {isa = PBXBuildFile; fileRef = 03F30B1628EE9A3A0016F8CE /* PieSliceView.swift */; };
		7CB413DF26EA824100544BA7 /* Time.swift in Sources */ = {isa = PBXBuildFile; fileRef = 7CB413DE26EA824100544BA7 /* Time.swift */; };
		7CB413E326EA824300544BA7 /* Assets.xcassets in Resources */ = {isa = PBXBuildFile; fileRef = 7CB413E226EA824300544BA7 /* Assets.xcassets */; };
		7CB413E626EA824300544BA7 /* Preview Assets.xcassets in Resources */ = {isa = PBXBuildFile; fileRef = 7CB413E526EA824300544BA7 /* Preview Assets.xcassets */; };
		7CB413F126EA97C500544BA7 /* Theme.swift in Sources */ = {isa = PBXBuildFile; fileRef = 7CB413F026EA97C500544BA7 /* Theme.swift */; };
		7CB413F326EABF1D00544BA7 /* Entry.swift in Sources */ = {isa = PBXBuildFile; fileRef = 7CB413F226EABF1D00544BA7 /* Entry.swift */; };
		7CB413F526EAC55200544BA7 /* CardView.swift in Sources */ = {isa = PBXBuildFile; fileRef = 7CB413F426EAC55200544BA7 /* CardView.swift */; };
		7CB413F926EB9A1A00544BA7 /* EntriesView.swift in Sources */ = {isa = PBXBuildFile; fileRef = 7CB413F826EB9A1A00544BA7 /* EntriesView.swift */; };
		7CB413FB26EBAB0B00544BA7 /* DetailView.swift in Sources */ = {isa = PBXBuildFile; fileRef = 7CB413FA26EBAB0B00544BA7 /* DetailView.swift */; };
		7CB413FD26EBD16900544BA7 /* DetailEditView.swift in Sources */ = {isa = PBXBuildFile; fileRef = 7CB413FC26EBD16900544BA7 /* DetailEditView.swift */; };
		AA0F3C8E2720961A00945F09 /* SampleCode.xcconfig in Resources */ = {isa = PBXBuildFile; fileRef = AA0F3C8C2720961A00945F09 /* SampleCode.xcconfig */; };
/* End PBXBuildFile section */

/* Begin PBXFileReference section */
		033DCB2C28F12B600012C0B8 /* Categories.swift */ = {isa = PBXFileReference; lastKnownFileType = sourcecode.swift; path = Categories.swift; sourceTree = "<group>"; };
		035E371D28EDBA2300310CB5 /* DayView.swift */ = {isa = PBXFileReference; fileEncoding = 4; lastKnownFileType = sourcecode.swift; path = DayView.swift; sourceTree = "<group>"; };
		035E372428EDBA9500310CB5 /* utility.swift */ = {isa = PBXFileReference; fileEncoding = 4; lastKnownFileType = sourcecode.swift; path = utility.swift; sourceTree = "<group>"; };
		035E372628EDBAC900310CB5 /* ColorPicker.swift */ = {isa = PBXFileReference; fileEncoding = 4; lastKnownFileType = sourcecode.swift; path = ColorPicker.swift; sourceTree = "<group>"; };
		039D280128EED0680012DE7A /* Mood.swift */ = {isa = PBXFileReference; lastKnownFileType = sourcecode.swift; path = Mood.swift; sourceTree = "<group>"; };
		03F30B1428EE99CF0016F8CE /* PieChartView.swift */ = {isa = PBXFileReference; lastKnownFileType = sourcecode.swift; path = PieChartView.swift; sourceTree = "<group>"; };
		03F30B1628EE9A3A0016F8CE /* PieSliceView.swift */ = {isa = PBXFileReference; lastKnownFileType = sourcecode.swift; path = PieSliceView.swift; sourceTree = "<group>"; };
		7CB413DB26EA824100544BA7 /* Time.app */ = {isa = PBXFileReference; explicitFileType = wrapper.application; includeInIndex = 0; path = Time.app; sourceTree = BUILT_PRODUCTS_DIR; };
		7CB413DE26EA824100544BA7 /* Time.swift */ = {isa = PBXFileReference; lastKnownFileType = sourcecode.swift; path = Time.swift; sourceTree = "<group>"; };
		7CB413E226EA824300544BA7 /* Assets.xcassets */ = {isa = PBXFileReference; lastKnownFileType = folder.assetcatalog; path = Assets.xcassets; sourceTree = "<group>"; };
		7CB413E526EA824300544BA7 /* Preview Assets.xcassets */ = {isa = PBXFileReference; lastKnownFileType = folder.assetcatalog; path = "Preview Assets.xcassets"; sourceTree = "<group>"; };
		7CB413F026EA97C500544BA7 /* Theme.swift */ = {isa = PBXFileReference; lastKnownFileType = sourcecode.swift; path = Theme.swift; sourceTree = "<group>"; };
		7CB413F226EABF1D00544BA7 /* Entry.swift */ = {isa = PBXFileReference; lastKnownFileType = sourcecode.swift; path = Entry.swift; sourceTree = "<group>"; };
		7CB413F426EAC55200544BA7 /* CardView.swift */ = {isa = PBXFileReference; lastKnownFileType = sourcecode.swift; path = CardView.swift; sourceTree = "<group>"; };
		7CB413F826EB9A1A00544BA7 /* EntriesView.swift */ = {isa = PBXFileReference; lastKnownFileType = sourcecode.swift; path = EntriesView.swift; sourceTree = "<group>"; };
		7CB413FA26EBAB0B00544BA7 /* DetailView.swift */ = {isa = PBXFileReference; lastKnownFileType = sourcecode.swift; path = DetailView.swift; sourceTree = "<group>"; };
		7CB413FC26EBD16900544BA7 /* DetailEditView.swift */ = {isa = PBXFileReference; lastKnownFileType = sourcecode.swift; path = DetailEditView.swift; sourceTree = "<group>"; };
		AA0F3C8C2720961A00945F09 /* SampleCode.xcconfig */ = {isa = PBXFileReference; fileEncoding = 4; lastKnownFileType = text.xcconfig; path = SampleCode.xcconfig; sourceTree = "<group>"; };
/* End PBXFileReference section */

/* Begin PBXFrameworksBuildPhase section */
		7CB413D826EA824100544BA7 /* Frameworks */ = {
			isa = PBXFrameworksBuildPhase;
			buildActionMask = 2147483647;
			files = (
				035E372A28EDBBA400310CB5 /* SwiftPieChart in Frameworks */,
			);
			runOnlyForDeploymentPostprocessing = 0;
		};
/* End PBXFrameworksBuildPhase section */

/* Begin PBXGroup section */
		035E372328EDBA9500310CB5 /* Utility */ = {
			isa = PBXGroup;
			children = (
				035E372428EDBA9500310CB5 /* utility.swift */,
			);
			path = Utility;
			sourceTree = "<group>";
		};
		03F30B1328EE99AF0016F8CE /* PieChart */ = {
			isa = PBXGroup;
			children = (
				03F30B1428EE99CF0016F8CE /* PieChartView.swift */,
				03F30B1628EE9A3A0016F8CE /* PieSliceView.swift */,
			);
			path = PieChart;
			sourceTree = "<group>";
		};
		7CB413D226EA824100544BA7 = {
			isa = PBXGroup;
			children = (
				7CB413DD26EA824100544BA7 /* Time */,
				AA0F3C8B2720961A00945F09 /* Configuration */,
				7CB413DC26EA824100544BA7 /* Products */,
			);
			sourceTree = "<group>";
		};
		7CB413DC26EA824100544BA7 /* Products */ = {
			isa = PBXGroup;
			children = (
				7CB413DB26EA824100544BA7 /* Time.app */,
			);
			name = Products;
			sourceTree = "<group>";
		};
		7CB413DD26EA824100544BA7 /* Time */ = {
			isa = PBXGroup;
			children = (
				03F30B1328EE99AF0016F8CE /* PieChart */,
				035E372328EDBA9500310CB5 /* Utility */,
				035E371D28EDBA2300310CB5 /* DayView.swift */,
				7CB413EF26EA97B300544BA7 /* Models */,
				7CB413DE26EA824100544BA7 /* Time.swift */,
				7CB413F426EAC55200544BA7 /* CardView.swift */,
				7CB413FC26EBD16900544BA7 /* DetailEditView.swift */,
				7CB413FA26EBAB0B00544BA7 /* DetailView.swift */,
				7CB413F826EB9A1A00544BA7 /* EntriesView.swift */,
				7CB413E226EA824300544BA7 /* Assets.xcassets */,
				7CB413E426EA824300544BA7 /* Preview Content */,
			);
			path = Time;
			sourceTree = "<group>";
		};
		7CB413E426EA824300544BA7 /* Preview Content */ = {
			isa = PBXGroup;
			children = (
				7CB413E526EA824300544BA7 /* Preview Assets.xcassets */,
			);
			path = "Preview Content";
			sourceTree = "<group>";
		};
		7CB413EF26EA97B300544BA7 /* Models */ = {
			isa = PBXGroup;
			children = (
				033DCB2C28F12B600012C0B8 /* Categories.swift */,
				035E372628EDBAC900310CB5 /* ColorPicker.swift */,
				7CB413F226EABF1D00544BA7 /* Entry.swift */,
				7CB413F026EA97C500544BA7 /* Theme.swift */,
				039D280128EED0680012DE7A /* Mood.swift */,
			);
			path = Models;
			sourceTree = "<group>";
		};
		AA0F3C8B2720961A00945F09 /* Configuration */ = {
			isa = PBXGroup;
			children = (
				AA0F3C8C2720961A00945F09 /* SampleCode.xcconfig */,
			);
			path = Configuration;
			sourceTree = "<group>";
		};
/* End PBXGroup section */

/* Begin PBXNativeTarget section */
		7CB413DA26EA824100544BA7 /* Time */ = {
			isa = PBXNativeTarget;
			buildConfigurationList = 7CB413E926EA824300544BA7 /* Build configuration list for PBXNativeTarget "Time" */;
			buildPhases = (
				7CB413D726EA824100544BA7 /* Sources */,
				7CB413D826EA824100544BA7 /* Frameworks */,
				7CB413D926EA824100544BA7 /* Resources */,
			);
			buildRules = (
			);
			dependencies = (
			);
			name = Time;
			packageProductDependencies = (
				035E372928EDBBA400310CB5 /* SwiftPieChart */,
			);
			productName = Scrumdinger;
			productReference = 7CB413DB26EA824100544BA7 /* Time.app */;
			productType = "com.apple.product-type.application";
		};
/* End PBXNativeTarget section */

/* Begin PBXProject section */
		7CB413D326EA824100544BA7 /* Project object */ = {
			isa = PBXProject;
			attributes = {
				BuildIndependentTargetsInParallel = 1;
				LastSwiftUpdateCheck = 1300;
				LastUpgradeCheck = 1300;
				TargetAttributes = {
					7CB413DA26EA824100544BA7 = {
						CreatedOnToolsVersion = 13.0;
					};
				};
			};
			buildConfigurationList = 7CB413D626EA824100544BA7 /* Build configuration list for PBXProject "Time" */;
			compatibilityVersion = "Xcode 13.0";
			developmentRegion = en;
			hasScannedForEncodings = 0;
			knownRegions = (
				en,
				Base,
			);
			mainGroup = 7CB413D226EA824100544BA7;
			packageReferences = (
				035E372828EDBBA400310CB5 /* XCRemoteSwiftPackageReference "SwiftPieChart" */,
			);
			productRefGroup = 7CB413DC26EA824100544BA7 /* Products */;
			projectDirPath = "";
			projectRoot = "";
			targets = (
				7CB413DA26EA824100544BA7 /* Time */,
			);
		};
/* End PBXProject section */

/* Begin PBXResourcesBuildPhase section */
		7CB413D926EA824100544BA7 /* Resources */ = {
			isa = PBXResourcesBuildPhase;
			buildActionMask = 2147483647;
			files = (
				7CB413E626EA824300544BA7 /* Preview Assets.xcassets in Resources */,
				AA0F3C8E2720961A00945F09 /* SampleCode.xcconfig in Resources */,
				7CB413E326EA824300544BA7 /* Assets.xcassets in Resources */,
			);
			runOnlyForDeploymentPostprocessing = 0;
		};
/* End PBXResourcesBuildPhase section */

/* Begin PBXSourcesBuildPhase section */
		7CB413D726EA824100544BA7 /* Sources */ = {
			isa = PBXSourcesBuildPhase;
			buildActionMask = 2147483647;
			files = (
				035E371F28EDBA2300310CB5 /* DayView.swift in Sources */,
				7CB413F326EABF1D00544BA7 /* Entry.swift in Sources */,
				03F30B1728EE9A3A0016F8CE /* PieSliceView.swift in Sources */,
				7CB413FB26EBAB0B00544BA7 /* DetailView.swift in Sources */,
				7CB413FD26EBD16900544BA7 /* DetailEditView.swift in Sources */,
				039D280228EED0680012DE7A /* Mood.swift in Sources */,
				03F30B1528EE99CF0016F8CE /* PieChartView.swift in Sources */,
				035E372728EDBAC900310CB5 /* ColorPicker.swift in Sources */,
				7CB413F126EA97C500544BA7 /* Theme.swift in Sources */,
				033DCB2D28F12B600012C0B8 /* Categories.swift in Sources */,
				035E372528EDBA9500310CB5 /* utility.swift in Sources */,
				7CB413F926EB9A1A00544BA7 /* EntriesView.swift in Sources */,
				7CB413DF26EA824100544BA7 /* Time.swift in Sources */,
				7CB413F526EAC55200544BA7 /* CardView.swift in Sources */,
			);
			runOnlyForDeploymentPostprocessing = 0;
		};
/* End PBXSourcesBuildPhase section */

/* Begin XCBuildConfiguration section */
		7CB413E726EA824300544BA7 /* Debug */ = {
			isa = XCBuildConfiguration;
			baseConfigurationReference = AA0F3C8C2720961A00945F09 /* SampleCode.xcconfig */;
			buildSettings = {
				ALWAYS_SEARCH_USER_PATHS = NO;
				CLANG_ANALYZER_NONNULL = YES;
				CLANG_ANALYZER_NUMBER_OBJECT_CONVERSION = YES_AGGRESSIVE;
				CLANG_CXX_LANGUAGE_STANDARD = "gnu++17";
				CLANG_CXX_LIBRARY = "libc++";
				CLANG_ENABLE_MODULES = YES;
				CLANG_ENABLE_OBJC_ARC = YES;
				CLANG_ENABLE_OBJC_WEAK = YES;
				CLANG_WARN_BLOCK_CAPTURE_AUTORELEASING = YES;
				CLANG_WARN_BOOL_CONVERSION = YES;
				CLANG_WARN_COMMA = YES;
				CLANG_WARN_CONSTANT_CONVERSION = YES;
				CLANG_WARN_DEPRECATED_OBJC_IMPLEMENTATIONS = YES;
				CLANG_WARN_DIRECT_OBJC_ISA_USAGE = YES_ERROR;
				CLANG_WARN_DOCUMENTATION_COMMENTS = YES;
				CLANG_WARN_EMPTY_BODY = YES;
				CLANG_WARN_ENUM_CONVERSION = YES;
				CLANG_WARN_INFINITE_RECURSION = YES;
				CLANG_WARN_INT_CONVERSION = YES;
				CLANG_WARN_NON_LITERAL_NULL_CONVERSION = YES;
				CLANG_WARN_OBJC_IMPLICIT_RETAIN_SELF = YES;
				CLANG_WARN_OBJC_LITERAL_CONVERSION = YES;
				CLANG_WARN_OBJC_ROOT_CLASS = YES_ERROR;
				CLANG_WARN_QUOTED_INCLUDE_IN_FRAMEWORK_HEADER = YES;
				CLANG_WARN_RANGE_LOOP_ANALYSIS = YES;
				CLANG_WARN_STRICT_PROTOTYPES = YES;
				CLANG_WARN_SUSPICIOUS_MOVE = YES;
				CLANG_WARN_UNGUARDED_AVAILABILITY = YES_AGGRESSIVE;
				CLANG_WARN_UNREACHABLE_CODE = YES;
				CLANG_WARN__DUPLICATE_METHOD_MATCH = YES;
				COPY_PHASE_STRIP = NO;
				DEBUG_INFORMATION_FORMAT = dwarf;
				ENABLE_STRICT_OBJC_MSGSEND = YES;
				ENABLE_TESTABILITY = YES;
				GCC_C_LANGUAGE_STANDARD = gnu11;
				GCC_DYNAMIC_NO_PIC = NO;
				GCC_NO_COMMON_BLOCKS = YES;
				GCC_OPTIMIZATION_LEVEL = 0;
				GCC_PREPROCESSOR_DEFINITIONS = (
					"DEBUG=1",
					"$(inherited)",
				);
				GCC_WARN_64_TO_32_BIT_CONVERSION = YES;
				GCC_WARN_ABOUT_RETURN_TYPE = YES_ERROR;
				GCC_WARN_UNDECLARED_SELECTOR = YES;
				GCC_WARN_UNINITIALIZED_AUTOS = YES_AGGRESSIVE;
				GCC_WARN_UNUSED_FUNCTION = YES;
				GCC_WARN_UNUSED_VARIABLE = YES;
				IPHONEOS_DEPLOYMENT_TARGET = 15.0;
				MTL_ENABLE_DEBUG_INFO = INCLUDE_SOURCE;
				MTL_FAST_MATH = YES;
				ONLY_ACTIVE_ARCH = YES;
				SDKROOT = iphoneos;
				SWIFT_ACTIVE_COMPILATION_CONDITIONS = DEBUG;
				SWIFT_OPTIMIZATION_LEVEL = "-Onone";
			};
			name = Debug;
		};
		7CB413E826EA824300544BA7 /* Release */ = {
			isa = XCBuildConfiguration;
			baseConfigurationReference = AA0F3C8C2720961A00945F09 /* SampleCode.xcconfig */;
			buildSettings = {
				ALWAYS_SEARCH_USER_PATHS = NO;
				CLANG_ANALYZER_NONNULL = YES;
				CLANG_ANALYZER_NUMBER_OBJECT_CONVERSION = YES_AGGRESSIVE;
				CLANG_CXX_LANGUAGE_STANDARD = "gnu++17";
				CLANG_CXX_LIBRARY = "libc++";
				CLANG_ENABLE_MODULES = YES;
				CLANG_ENABLE_OBJC_ARC = YES;
				CLANG_ENABLE_OBJC_WEAK = YES;
				CLANG_WARN_BLOCK_CAPTURE_AUTORELEASING = YES;
				CLANG_WARN_BOOL_CONVERSION = YES;
				CLANG_WARN_COMMA = YES;
				CLANG_WARN_CONSTANT_CONVERSION = YES;
				CLANG_WARN_DEPRECATED_OBJC_IMPLEMENTATIONS = YES;
				CLANG_WARN_DIRECT_OBJC_ISA_USAGE = YES_ERROR;
				CLANG_WARN_DOCUMENTATION_COMMENTS = YES;
				CLANG_WARN_EMPTY_BODY = YES;
				CLANG_WARN_ENUM_CONVERSION = YES;
				CLANG_WARN_INFINITE_RECURSION = YES;
				CLANG_WARN_INT_CONVERSION = YES;
				CLANG_WARN_NON_LITERAL_NULL_CONVERSION = YES;
				CLANG_WARN_OBJC_IMPLICIT_RETAIN_SELF = YES;
				CLANG_WARN_OBJC_LITERAL_CONVERSION = YES;
				CLANG_WARN_OBJC_ROOT_CLASS = YES_ERROR;
				CLANG_WARN_QUOTED_INCLUDE_IN_FRAMEWORK_HEADER = YES;
				CLANG_WARN_RANGE_LOOP_ANALYSIS = YES;
				CLANG_WARN_STRICT_PROTOTYPES = YES;
				CLANG_WARN_SUSPICIOUS_MOVE = YES;
				CLANG_WARN_UNGUARDED_AVAILABILITY = YES_AGGRESSIVE;
				CLANG_WARN_UNREACHABLE_CODE = YES;
				CLANG_WARN__DUPLICATE_METHOD_MATCH = YES;
				COPY_PHASE_STRIP = NO;
				DEBUG_INFORMATION_FORMAT = "dwarf-with-dsym";
				ENABLE_NS_ASSERTIONS = NO;
				ENABLE_STRICT_OBJC_MSGSEND = YES;
				GCC_C_LANGUAGE_STANDARD = gnu11;
				GCC_NO_COMMON_BLOCKS = YES;
				GCC_WARN_64_TO_32_BIT_CONVERSION = YES;
				GCC_WARN_ABOUT_RETURN_TYPE = YES_ERROR;
				GCC_WARN_UNDECLARED_SELECTOR = YES;
				GCC_WARN_UNINITIALIZED_AUTOS = YES_AGGRESSIVE;
				GCC_WARN_UNUSED_FUNCTION = YES;
				GCC_WARN_UNUSED_VARIABLE = YES;
				IPHONEOS_DEPLOYMENT_TARGET = 15.0;
				MTL_ENABLE_DEBUG_INFO = NO;
				MTL_FAST_MATH = YES;
				SDKROOT = iphoneos;
				SWIFT_COMPILATION_MODE = wholemodule;
				SWIFT_OPTIMIZATION_LEVEL = "-O";
				VALIDATE_PRODUCT = YES;
			};
			name = Release;
		};
		7CB413EA26EA824300544BA7 /* Debug */ = {
			isa = XCBuildConfiguration;
			baseConfigurationReference = AA0F3C8C2720961A00945F09 /* SampleCode.xcconfig */;
			buildSettings = {
				ASSETCATALOG_COMPILER_APPICON_NAME = AppIcon;
				ASSETCATALOG_COMPILER_GLOBAL_ACCENT_COLOR_NAME = AccentColor;
				CODE_SIGN_STYLE = Automatic;
				CURRENT_PROJECT_VERSION = 1;
				DEVELOPMENT_ASSET_PATHS = "\"Time/Preview Content\"";
				DEVELOPMENT_TEAM = U37VK69SSK;
				ENABLE_PREVIEWS = YES;
				GENERATE_INFOPLIST_FILE = YES;
				INFOPLIST_KEY_NSMicrophoneUsageDescription = "Audio is recorded to transcribe the meeting. Audio recordings are discarded after transcription.";
				INFOPLIST_KEY_NSSpeechRecognitionUsageDescription = "You can view a text transcription of your meeting in the app.";
				INFOPLIST_KEY_UIApplicationSceneManifest_Generation = YES;
				INFOPLIST_KEY_UIApplicationSupportsIndirectInputEvents = YES;
				INFOPLIST_KEY_UILaunchScreen_Generation = YES;
				INFOPLIST_KEY_UISupportedInterfaceOrientations_iPad = "UIInterfaceOrientationPortrait UIInterfaceOrientationPortraitUpsideDown UIInterfaceOrientationLandscapeLeft UIInterfaceOrientationLandscapeRight";
				INFOPLIST_KEY_UISupportedInterfaceOrientations_iPhone = "UIInterfaceOrientationPortrait UIInterfaceOrientationLandscapeLeft UIInterfaceOrientationLandscapeRight";
				IPHONEOS_DEPLOYMENT_TARGET = 15.0;
				LD_RUNPATH_SEARCH_PATHS = (
					"$(inherited)",
					"@executable_path/Frameworks",
				);
				MARKETING_VERSION = 1.0;
				PRODUCT_BUNDLE_IDENTIFIER = "-com.jonathan.Time-";
				PRODUCT_NAME = "$(TARGET_NAME)";
				SWIFT_EMIT_LOC_STRINGS = YES;
				SWIFT_VERSION = 5.0;
				TARGETED_DEVICE_FAMILY = "1,2";
			};
			name = Debug;
		};
		7CB413EB26EA824300544BA7 /* Release */ = {
			isa = XCBuildConfiguration;
			baseConfigurationReference = AA0F3C8C2720961A00945F09 /* SampleCode.xcconfig */;
			buildSettings = {
				ASSETCATALOG_COMPILER_APPICON_NAME = AppIcon;
				ASSETCATALOG_COMPILER_GLOBAL_ACCENT_COLOR_NAME = AccentColor;
				CODE_SIGN_STYLE = Automatic;
				CURRENT_PROJECT_VERSION = 1;
				DEVELOPMENT_ASSET_PATHS = "\"Time/Preview Content\"";
				DEVELOPMENT_TEAM = U37VK69SSK;
				ENABLE_PREVIEWS = YES;
				GENERATE_INFOPLIST_FILE = YES;
				INFOPLIST_KEY_NSMicrophoneUsageDescription = "Audio is recorded to transcribe the meeting. Audio recordings are discarded after transcription.";
				INFOPLIST_KEY_NSSpeechRecognitionUsageDescription = "You can view a text transcription of your meeting in the app.";
				INFOPLIST_KEY_UIApplicationSceneManifest_Generation = YES;
				INFOPLIST_KEY_UIApplicationSupportsIndirectInputEvents = YES;
				INFOPLIST_KEY_UILaunchScreen_Generation = YES;
				INFOPLIST_KEY_UISupportedInterfaceOrientations_iPad = "UIInterfaceOrientationPortrait UIInterfaceOrientationPortraitUpsideDown UIInterfaceOrientationLandscapeLeft UIInterfaceOrientationLandscapeRight";
				INFOPLIST_KEY_UISupportedInterfaceOrientations_iPhone = "UIInterfaceOrientationPortrait UIInterfaceOrientationLandscapeLeft UIInterfaceOrientationLandscapeRight";
				IPHONEOS_DEPLOYMENT_TARGET = 15.0;
				LD_RUNPATH_SEARCH_PATHS = (
					"$(inherited)",
					"@executable_path/Frameworks",
				);
				MARKETING_VERSION = 1.0;
				PRODUCT_BUNDLE_IDENTIFIER = "-com.jonathan.Time-";
				PRODUCT_NAME = "$(TARGET_NAME)";
				SWIFT_EMIT_LOC_STRINGS = YES;
				SWIFT_VERSION = 5.0;
				TARGETED_DEVICE_FAMILY = "1,2";
			};
			name = Release;
		};
/* End XCBuildConfiguration section */

/* Begin XCConfigurationList section */
		7CB413D626EA824100544BA7 /* Build configuration list for PBXProject "Time" */ = {
			isa = XCConfigurationList;
			buildConfigurations = (
				7CB413E726EA824300544BA7 /* Debug */,
				7CB413E826EA824300544BA7 /* Release */,
			);
			defaultConfigurationIsVisible = 0;
			defaultConfigurationName = Release;
		};
		7CB413E926EA824300544BA7 /* Build configuration list for PBXNativeTarget "Time" */ = {
			isa = XCConfigurationList;
			buildConfigurations = (
				7CB413EA26EA824300544BA7 /* Debug */,
				7CB413EB26EA824300544BA7 /* Release */,
			);
			defaultConfigurationIsVisible = 0;
			defaultConfigurationName = Release;
		};
/* End XCConfigurationList section */

/* Begin XCRemoteSwiftPackageReference section */
		035E372828EDBBA400310CB5 /* XCRemoteSwiftPackageReference "SwiftPieChart" */ = {
			isa = XCRemoteSwiftPackageReference;
			repositoryURL = "https://github.com/ilamanov/SwiftPieChart";
			requirement = {
				kind = upToNextMajorVersion;
				minimumVersion = 1.0.0;
			};
		};
/* End XCRemoteSwiftPackageReference section */

/* Begin XCSwiftPackageProductDependency section */
		035E372928EDBBA400310CB5 /* SwiftPieChart */ = {
			isa = XCSwiftPackageProductDependency;
			package = 035E372828EDBBA400310CB5 /* XCRemoteSwiftPackageReference "SwiftPieChart" */;
			productName = SwiftPieChart;
		};
/* End XCSwiftPackageProductDependency section */
	};
	rootObject = 7CB413D326EA824100544BA7 /* Project object */;
}
